
Microsoft Visual Studio Solution File, Format Version 12.00
# Visual Studio Version 16
VisualStudioVersion = 16.0.32106.194
MinimumVisualStudioVersion = 10.0.40219.1
Project("{FAE04EC0-301F-11D3-BF4B-00C04F79EFBC}") = "SonarQubeExperiments", "SonarQubeExperiments\SonarQubeExperiments.csproj", "{D16E1C82-5CA2-49CB-B339-31C4A951F740}"
EndProject
Project("{FAE04EC0-301F-11D3-BF4B-00C04F79EFBC}") = "SonarQubeExperiments.Tests", "SonarQubeExperiments.Tests\SonarQubeExperiments.Tests.csproj", "{092C4251-FAAF-4515-8311-5399E5E01264}"
EndProject
Global
	GlobalSection(SolutionConfigurationPlatforms) = preSolution
		Debug|Any CPU = Debug|Any CPU
		Release|Any CPU = Release|Any CPU
	EndGlobalSection
	GlobalSection(ProjectConfigurationPlatforms) = postSolution
		{D16E1C82-5CA2-49CB-B339-31C4A951F740}.Debug|Any CPU.ActiveCfg = Debug|Any CPU
		{D16E1C82-5CA2-49CB-B339-31C4A951F740}.Debug|Any CPU.Build.0 = Debug|Any CPU
		{D16E1C82-5CA2-49CB-B339-31C4A951F740}.Release|Any CPU.ActiveCfg = Release|Any CPU
		{D16E1C82-5CA2-49CB-B339-31C4A951F740}.Release|Any CPU.Build.0 = Release|Any CPU
		{092C4251-FAAF-4515-8311-5399E5E01264}.Debug|Any CPU.ActiveCfg = Debug|Any CPU
		{092C4251-FAAF-4515-8311-5399E5E01264}.Debug|Any CPU.Build.0 = Debug|Any CPU
		{092C4251-FAAF-4515-8311-5399E5E01264}.Release|Any CPU.ActiveCfg = Release|Any CPU
		{092C4251-FAAF-4515-8311-5399E5E01264}.Release|Any CPU.Build.0 = Release|Any CPU
	EndGlobalSection
	GlobalSection(SolutionProperties) = preSolution
		HideSolutionNode = FALSE
	EndGlobalSection
	GlobalSection(ExtensibilityGlobals) = postSolution
		SolutionGuid = {A91D5923-015C-48FE-B739-3576B3B3A1F9}
	EndGlobalSection
EndGlobal
